
Microsoft Visual Studio Solution File, Format Version 12.00
# Visual Studio Version 16
VisualStudioVersion = 16.0.31112.23
MinimumVisualStudioVersion = 10.0.40219.1
Project("{FAE04EC0-301F-11D3-BF4B-00C04F79EFBC}") = "Parcial", "Parcial.csproj", "{C21B522A-3450-476C-B23D-0F6A47AECDB7}"
EndProject
Global
	GlobalSection(SolutionConfigurationPlatforms) = preSolution
		Debug|Any CPU = Debug|Any CPU
		Release|Any CPU = Release|Any CPU
	EndGlobalSection
	GlobalSection(ProjectConfigurationPlatforms) = postSolution
		{C21B522A-3450-476C-B23D-0F6A47AECDB7}.Debug|Any CPU.ActiveCfg = Debug|Any CPU
		{C21B522A-3450-476C-B23D-0F6A47AECDB7}.Debug|Any CPU.Build.0 = Debug|Any CPU
		{C21B522A-3450-476C-B23D-0F6A47AECDB7}.Release|Any CPU.ActiveCfg = Release|Any CPU
		{C21B522A-3450-476C-B23D-0F6A47AECDB7}.Release|Any CPU.Build.0 = Release|Any CPU
	EndGlobalSection
	GlobalSection(SolutionProperties) = preSolution
		HideSolutionNode = FALSE
	EndGlobalSection
	GlobalSection(ExtensibilityGlobals) = postSolution
		SolutionGuid = {4B48BABB-7BFA-43C7-A994-664D2949F87A}
	EndGlobalSection
EndGlobal
